
Microsoft Visual Studio Solution File, Format Version 12.00
# Visual Studio Version 16
VisualStudioVersion = 16.0.29326.143
MinimumVisualStudioVersion = 10.0.40219.1
Project("{00D1A9C2-B5F0-4AF3-8072-F6C62B433612}") = "DatabaseScripts", "DatabaseScripts\DatabaseScripts.sqlproj", "{9441784B-F1B7-4E87-8DBC-D8859D2B1BEF}"
EndProject
Project("{9A19103F-16F7-4668-BE54-9A1E7A4F7556}") = "Api", "Api\Api.csproj", "{1EF272DF-CFE9-442A-89D3-7E0AB6515687}"
EndProject
Project("{FAE04EC0-301F-11D3-BF4B-00C04F79EFBC}") = "CabAutomationSystem", "CabAutomationSystem\CabAutomationSystem.csproj", "{F8A39798-5820-4486-B980-9884AF76F776}"
EndProject
Global
	GlobalSection(SolutionConfigurationPlatforms) = preSolution
		Debug|Any CPU = Debug|Any CPU
		Release|Any CPU = Release|Any CPU
	EndGlobalSection
	GlobalSection(ProjectConfigurationPlatforms) = postSolution
		{9441784B-F1B7-4E87-8DBC-D8859D2B1BEF}.Debug|Any CPU.ActiveCfg = Debug|Any CPU
		{9441784B-F1B7-4E87-8DBC-D8859D2B1BEF}.Debug|Any CPU.Build.0 = Debug|Any CPU
		{9441784B-F1B7-4E87-8DBC-D8859D2B1BEF}.Debug|Any CPU.Deploy.0 = Debug|Any CPU
		{9441784B-F1B7-4E87-8DBC-D8859D2B1BEF}.Release|Any CPU.ActiveCfg = Release|Any CPU
		{9441784B-F1B7-4E87-8DBC-D8859D2B1BEF}.Release|Any CPU.Build.0 = Release|Any CPU
		{9441784B-F1B7-4E87-8DBC-D8859D2B1BEF}.Release|Any CPU.Deploy.0 = Release|Any CPU
		{1EF272DF-CFE9-442A-89D3-7E0AB6515687}.Debug|Any CPU.ActiveCfg = Debug|Any CPU
		{1EF272DF-CFE9-442A-89D3-7E0AB6515687}.Debug|Any CPU.Build.0 = Debug|Any CPU
		{1EF272DF-CFE9-442A-89D3-7E0AB6515687}.Release|Any CPU.ActiveCfg = Release|Any CPU
		{1EF272DF-CFE9-442A-89D3-7E0AB6515687}.Release|Any CPU.Build.0 = Release|Any CPU
		{F8A39798-5820-4486-B980-9884AF76F776}.Debug|Any CPU.ActiveCfg = Debug|Any CPU
		{F8A39798-5820-4486-B980-9884AF76F776}.Debug|Any CPU.Build.0 = Debug|Any CPU
		{F8A39798-5820-4486-B980-9884AF76F776}.Release|Any CPU.ActiveCfg = Release|Any CPU
		{F8A39798-5820-4486-B980-9884AF76F776}.Release|Any CPU.Build.0 = Release|Any CPU
	EndGlobalSection
	GlobalSection(SolutionProperties) = preSolution
		HideSolutionNode = FALSE
	EndGlobalSection
	GlobalSection(ExtensibilityGlobals) = postSolution
		SolutionGuid = {5B3926B5-18F8-4EF4-B017-C6AF758CE5F5}
	EndGlobalSection
EndGlobal
